
Microsoft Visual Studio Solution File, Format Version 12.00
# Visual Studio Version 17
VisualStudioVersion = 17.4.33213.308
MinimumVisualStudioVersion = 10.0.40219.1
Project("{FAE04EC0-301F-11D3-BF4B-00C04F79EFBC}") = "MyApplicationName.Api", "MyApplicationName\MyApplicationName.Api.csproj", "{8B03F5CA-44E5-483D-85AB-67074CA94421}"
EndProject
Project("{FAE04EC0-301F-11D3-BF4B-00C04F79EFBC}") = "MyApplicationName.BLL", "MyApplicationName.BLL\MyApplicationName.BLL.csproj", "{7F04EFAD-5E6C-48B0-A501-43596C694C02}"
EndProject
Project("{FAE04EC0-301F-11D3-BF4B-00C04F79EFBC}") = "MyApplicationName.Models", "MyApplicationName.Models\MyApplicationName.Models.csproj", "{80A78455-0917-48FC-AFD6-7A9076A72587}"
EndProject
Global
	GlobalSection(SolutionConfigurationPlatforms) = preSolution
		Debug|Any CPU = Debug|Any CPU
		Release|Any CPU = Release|Any CPU
	EndGlobalSection
	GlobalSection(ProjectConfigurationPlatforms) = postSolution
		{8B03F5CA-44E5-483D-85AB-67074CA94421}.Debug|Any CPU.ActiveCfg = Debug|Any CPU
		{8B03F5CA-44E5-483D-85AB-67074CA94421}.Debug|Any CPU.Build.0 = Debug|Any CPU
		{8B03F5CA-44E5-483D-85AB-67074CA94421}.Release|Any CPU.ActiveCfg = Release|Any CPU
		{8B03F5CA-44E5-483D-85AB-67074CA94421}.Release|Any CPU.Build.0 = Release|Any CPU
		{7F04EFAD-5E6C-48B0-A501-43596C694C02}.Debug|Any CPU.ActiveCfg = Debug|Any CPU
		{7F04EFAD-5E6C-48B0-A501-43596C694C02}.Debug|Any CPU.Build.0 = Debug|Any CPU
		{7F04EFAD-5E6C-48B0-A501-43596C694C02}.Release|Any CPU.ActiveCfg = Release|Any CPU
		{7F04EFAD-5E6C-48B0-A501-43596C694C02}.Release|Any CPU.Build.0 = Release|Any CPU
		{80A78455-0917-48FC-AFD6-7A9076A72587}.Debug|Any CPU.ActiveCfg = Debug|Any CPU
		{80A78455-0917-48FC-AFD6-7A9076A72587}.Debug|Any CPU.Build.0 = Debug|Any CPU
		{80A78455-0917-48FC-AFD6-7A9076A72587}.Release|Any CPU.ActiveCfg = Release|Any CPU
		{80A78455-0917-48FC-AFD6-7A9076A72587}.Release|Any CPU.Build.0 = Release|Any CPU
	EndGlobalSection
	GlobalSection(SolutionProperties) = preSolution
		HideSolutionNode = FALSE
	EndGlobalSection
	GlobalSection(ExtensibilityGlobals) = postSolution
		SolutionGuid = {C4D7BCEA-D7CD-4922-8F1C-336E3FE238EA}
	EndGlobalSection
EndGlobal
